// !$*UTF8*$!
{
	archiveVersion = 1;
	classes = {
	};
	objectVersion = 56;
	objects = {

/* Begin PBXBuildFile section */
		BD668FD72C26BDE2001EE1C7 /* AppDelegate.swift in Sources */ = {isa = PBXBuildFile; fileRef = BD668FD62C26BDE2001EE1C7 /* AppDelegate.swift */; };
		BD668FD92C26BDE2001EE1C7 /* SceneDelegate.swift in Sources */ = {isa = PBXBuildFile; fileRef = BD668FD82C26BDE2001EE1C7 /* SceneDelegate.swift */; };
		BD668FDB2C26BDE2001EE1C7 /* ViewController.swift in Sources */ = {isa = PBXBuildFile; fileRef = BD668FDA2C26BDE2001EE1C7 /* ViewController.swift */; };
		BD668FDE2C26BDE3001EE1C7 /* Base in Resources */ = {isa = PBXBuildFile; fileRef = BD668FDD2C26BDE3001EE1C7 /* Base */; };
		BD668FE12C26BDE3001EE1C7 /* TODOList.xcdatamodeld in Sources */ = {isa = PBXBuildFile; fileRef = BD668FDF2C26BDE3001EE1C7 /* TODOList.xcdatamodeld */; };
		BD668FE32C26BDE4001EE1C7 /* Assets.xcassets in Resources */ = {isa = PBXBuildFile; fileRef = BD668FE22C26BDE4001EE1C7 /* Assets.xcassets */; };
		BD668FE62C26BDE5001EE1C7 /* Base in Resources */ = {isa = PBXBuildFile; fileRef = BD668FE52C26BDE5001EE1C7 /* Base */; };
		BD668FF12C26BDE5001EE1C7 /* TODOListTests.swift in Sources */ = {isa = PBXBuildFile; fileRef = BD668FF02C26BDE5001EE1C7 /* TODOListTests.swift */; };
		BD668FFB2C26BDE5001EE1C7 /* TODOListUITests.swift in Sources */ = {isa = PBXBuildFile; fileRef = BD668FFA2C26BDE5001EE1C7 /* TODOListUITests.swift */; };
		BD668FFD2C26BDE5001EE1C7 /* TODOListUITestsLaunchTests.swift in Sources */ = {isa = PBXBuildFile; fileRef = BD668FFC2C26BDE5001EE1C7 /* TODOListUITestsLaunchTests.swift */; };
/* End PBXBuildFile section */

/* Begin PBXContainerItemProxy section */
		BD668FED2C26BDE5001EE1C7 /* PBXContainerItemProxy */ = {
			isa = PBXContainerItemProxy;
			containerPortal = BD668FCB2C26BDE2001EE1C7 /* Project object */;
			proxyType = 1;
			remoteGlobalIDString = BD668FD22C26BDE2001EE1C7;
			remoteInfo = TODOList;
		};
		BD668FF72C26BDE5001EE1C7 /* PBXContainerItemProxy */ = {
			isa = PBXContainerItemProxy;
			containerPortal = BD668FCB2C26BDE2001EE1C7 /* Project object */;
			proxyType = 1;
			remoteGlobalIDString = BD668FD22C26BDE2001EE1C7;
			remoteInfo = TODOList;
		};
/* End PBXContainerItemProxy section */

/* Begin PBXFileReference section */
		BD668FD32C26BDE2001EE1C7 /* TODOList.app */ = {isa = PBXFileReference; explicitFileType = wrapper.application; includeInIndex = 0; path = TODOList.app; sourceTree = BUILT_PRODUCTS_DIR; };
		BD668FD62C26BDE2001EE1C7 /* AppDelegate.swift */ = {isa = PBXFileReference; lastKnownFileType = sourcecode.swift; path = AppDelegate.swift; sourceTree = "<group>"; };
		BD668FD82C26BDE2001EE1C7 /* SceneDelegate.swift */ = {isa = PBXFileReference; lastKnownFileType = sourcecode.swift; path = SceneDelegate.swift; sourceTree = "<group>"; };
		BD668FDA2C26BDE2001EE1C7 /* ViewController.swift */ = {isa = PBXFileReference; lastKnownFileType = sourcecode.swift; path = ViewController.swift; sourceTree = "<group>"; };
		BD668FDD2C26BDE3001EE1C7 /* Base */ = {isa = PBXFileReference; lastKnownFileType = file.storyboard; name = Base; path = Base.lproj/Main.storyboard; sourceTree = "<group>"; };
		BD668FE02C26BDE3001EE1C7 /* TODOList.xcdatamodel */ = {isa = PBXFileReference; lastKnownFileType = wrapper.xcdatamodel; path = TODOList.xcdatamodel; sourceTree = "<group>"; };
		BD668FE22C26BDE4001EE1C7 /* Assets.xcassets */ = {isa = PBXFileReference; lastKnownFileType = folder.assetcatalog; path = Assets.xcassets; sourceTree = "<group>"; };
		BD668FE52C26BDE5001EE1C7 /* Base */ = {isa = PBXFileReference; lastKnownFileType = file.storyboard; name = Base; path = Base.lproj/LaunchScreen.storyboard; sourceTree = "<group>"; };
		BD668FE72C26BDE5001EE1C7 /* Info.plist */ = {isa = PBXFileReference; lastKnownFileType = text.plist.xml; path = Info.plist; sourceTree = "<group>"; };
		BD668FEC2C26BDE5001EE1C7 /* TODOListTests.xctest */ = {isa = PBXFileReference; explicitFileType = wrapper.cfbundle; includeInIndex = 0; path = TODOListTests.xctest; sourceTree = BUILT_PRODUCTS_DIR; };
		BD668FF02C26BDE5001EE1C7 /* TODOListTests.swift */ = {isa = PBXFileReference; lastKnownFileType = sourcecode.swift; path = TODOListTests.swift; sourceTree = "<group>"; };
		BD668FF62C26BDE5001EE1C7 /* TODOListUITests.xctest */ = {isa = PBXFileReference; explicitFileType = wrapper.cfbundle; includeInIndex = 0; path = TODOListUITests.xctest; sourceTree = BUILT_PRODUCTS_DIR; };
		BD668FFA2C26BDE5001EE1C7 /* TODOListUITests.swift */ = {isa = PBXFileReference; lastKnownFileType = sourcecode.swift; path = TODOListUITests.swift; sourceTree = "<group>"; };
		BD668FFC2C26BDE5001EE1C7 /* TODOListUITestsLaunchTests.swift */ = {isa = PBXFileReference; lastKnownFileType = sourcecode.swift; path = TODOListUITestsLaunchTests.swift; sourceTree = "<group>"; };
/* End PBXFileReference section */

/* Begin PBXFrameworksBuildPhase section */
		BD668FD02C26BDE2001EE1C7 /* Frameworks */ = {
			isa = PBXFrameworksBuildPhase;
			buildActionMask = 2147483647;
			files = (
			);
			runOnlyForDeploymentPostprocessing = 0;
		};
		BD668FE92C26BDE5001EE1C7 /* Frameworks */ = {
			isa = PBXFrameworksBuildPhase;
			buildActionMask = 2147483647;
			files = (
			);
			runOnlyForDeploymentPostprocessing = 0;
		};
		BD668FF32C26BDE5001EE1C7 /* Frameworks */ = {
			isa = PBXFrameworksBuildPhase;
			buildActionMask = 2147483647;
			files = (
			);
			runOnlyForDeploymentPostprocessing = 0;
		};
/* End PBXFrameworksBuildPhase section */

/* Begin PBXGroup section */
		BD668FCA2C26BDE2001EE1C7 = {
			isa = PBXGroup;
			children = (
				BD668FD52C26BDE2001EE1C7 /* TODOList */,
				BD668FEF2C26BDE5001EE1C7 /* TODOListTests */,
				BD668FF92C26BDE5001EE1C7 /* TODOListUITests */,
				BD668FD42C26BDE2001EE1C7 /* Products */,
			);
			sourceTree = "<group>";
		};
		BD668FD42C26BDE2001EE1C7 /* Products */ = {
			isa = PBXGroup;
			children = (
				BD668FD32C26BDE2001EE1C7 /* TODOList.app */,
				BD668FEC2C26BDE5001EE1C7 /* TODOListTests.xctest */,
				BD668FF62C26BDE5001EE1C7 /* TODOListUITests.xctest */,
			);
			name = Products;
			sourceTree = "<group>";
		};
		BD668FD52C26BDE2001EE1C7 /* TODOList */ = {
			isa = PBXGroup;
			children = (
				BD668FD62C26BDE2001EE1C7 /* AppDelegate.swift */,
				BD668FD82C26BDE2001EE1C7 /* SceneDelegate.swift */,
				BD668FDA2C26BDE2001EE1C7 /* ViewController.swift */,
				BD668FDC2C26BDE3001EE1C7 /* Main.storyboard */,
				BD668FE22C26BDE4001EE1C7 /* Assets.xcassets */,
				BD668FE42C26BDE5001EE1C7 /* LaunchScreen.storyboard */,
				BD668FE72C26BDE5001EE1C7 /* Info.plist */,
				BD668FDF2C26BDE3001EE1C7 /* TODOList.xcdatamodeld */,
			);
			path = TODOList;
			sourceTree = "<group>";
		};
		BD668FEF2C26BDE5001EE1C7 /* TODOListTests */ = {
			isa = PBXGroup;
			children = (
				BD668FF02C26BDE5001EE1C7 /* TODOListTests.swift */,
			);
			path = TODOListTests;
			sourceTree = "<group>";
		};
		BD668FF92C26BDE5001EE1C7 /* TODOListUITests */ = {
			isa = PBXGroup;
			children = (
				BD668FFA2C26BDE5001EE1C7 /* TODOListUITests.swift */,
				BD668FFC2C26BDE5001EE1C7 /* TODOListUITestsLaunchTests.swift */,
			);
			path = TODOListUITests;
			sourceTree = "<group>";
		};
/* End PBXGroup section */

/* Begin PBXNativeTarget section */
		BD668FD22C26BDE2001EE1C7 /* TODOList */ = {
			isa = PBXNativeTarget;
			buildConfigurationList = BD6690002C26BDE5001EE1C7 /* Build configuration list for PBXNativeTarget "TODOList" */;
			buildPhases = (
				BD668FCF2C26BDE2001EE1C7 /* Sources */,
				BD668FD02C26BDE2001EE1C7 /* Frameworks */,
				BD668FD12C26BDE2001EE1C7 /* Resources */,
			);
			buildRules = (
			);
			dependencies = (
			);
			name = TODOList;
			productName = TODOList;
			productReference = BD668FD32C26BDE2001EE1C7 /* TODOList.app */;
			productType = "com.apple.product-type.application";
		};
		BD668FEB2C26BDE5001EE1C7 /* TODOListTests */ = {
			isa = PBXNativeTarget;
			buildConfigurationList = BD6690032C26BDE5001EE1C7 /* Build configuration list for PBXNativeTarget "TODOListTests" */;
			buildPhases = (
				BD668FE82C26BDE5001EE1C7 /* Sources */,
				BD668FE92C26BDE5001EE1C7 /* Frameworks */,
				BD668FEA2C26BDE5001EE1C7 /* Resources */,
			);
			buildRules = (
			);
			dependencies = (
				BD668FEE2C26BDE5001EE1C7 /* PBXTargetDependency */,
			);
			name = TODOListTests;
			productName = TODOListTests;
			productReference = BD668FEC2C26BDE5001EE1C7 /* TODOListTests.xctest */;
			productType = "com.apple.product-type.bundle.unit-test";
		};
		BD668FF52C26BDE5001EE1C7 /* TODOListUITests */ = {
			isa = PBXNativeTarget;
			buildConfigurationList = BD6690062C26BDE5001EE1C7 /* Build configuration list for PBXNativeTarget "TODOListUITests" */;
			buildPhases = (
				BD668FF22C26BDE5001EE1C7 /* Sources */,
				BD668FF32C26BDE5001EE1C7 /* Frameworks */,
				BD668FF42C26BDE5001EE1C7 /* Resources */,
			);
			buildRules = (
			);
			dependencies = (
				BD668FF82C26BDE5001EE1C7 /* PBXTargetDependency */,
			);
			name = TODOListUITests;
			productName = TODOListUITests;
			productReference = BD668FF62C26BDE5001EE1C7 /* TODOListUITests.xctest */;
			productType = "com.apple.product-type.bundle.ui-testing";
		};
/* End PBXNativeTarget section */

/* Begin PBXProject section */
		BD668FCB2C26BDE2001EE1C7 /* Project object */ = {
			isa = PBXProject;
			attributes = {
				BuildIndependentTargetsInParallel = 1;
				LastSwiftUpdateCheck = 1540;
				LastUpgradeCheck = 1540;
				TargetAttributes = {
					BD668FD22C26BDE2001EE1C7 = {
						CreatedOnToolsVersion = 15.4;
					};
					BD668FEB2C26BDE5001EE1C7 = {
						CreatedOnToolsVersion = 15.4;
						TestTargetID = BD668FD22C26BDE2001EE1C7;
					};
					BD668FF52C26BDE5001EE1C7 = {
						CreatedOnToolsVersion = 15.4;
						TestTargetID = BD668FD22C26BDE2001EE1C7;
					};
				};
			};
			buildConfigurationList = BD668FCE2C26BDE2001EE1C7 /* Build configuration list for PBXProject "TODOList" */;
			compatibilityVersion = "Xcode 14.0";
			developmentRegion = en;
			hasScannedForEncodings = 0;
			knownRegions = (
				en,
				Base,
			);
			mainGroup = BD668FCA2C26BDE2001EE1C7;
			productRefGroup = BD668FD42C26BDE2001EE1C7 /* Products */;
			projectDirPath = "";
			projectRoot = "";
			targets = (
				BD668FD22C26BDE2001EE1C7 /* TODOList */,
				BD668FEB2C26BDE5001EE1C7 /* TODOListTests */,
				BD668FF52C26BDE5001EE1C7 /* TODOListUITests */,
			);
		};
/* End PBXProject section */

/* Begin PBXResourcesBuildPhase section */
		BD668FD12C26BDE2001EE1C7 /* Resources */ = {
			isa = PBXResourcesBuildPhase;
			buildActionMask = 2147483647;
			files = (
				BD668FE32C26BDE4001EE1C7 /* Assets.xcassets in Resources */,
				BD668FE62C26BDE5001EE1C7 /* Base in Resources */,
				BD668FDE2C26BDE3001EE1C7 /* Base in Resources */,
			);
			runOnlyForDeploymentPostprocessing = 0;
		};
		BD668FEA2C26BDE5001EE1C7 /* Resources */ = {
			isa = PBXResourcesBuildPhase;
			buildActionMask = 2147483647;
			files = (
			);
			runOnlyForDeploymentPostprocessing = 0;
		};
		BD668FF42C26BDE5001EE1C7 /* Resources */ = {
			isa = PBXResourcesBuildPhase;
			buildActionMask = 2147483647;
			files = (
			);
			runOnlyForDeploymentPostprocessing = 0;
		};
/* End PBXResourcesBuildPhase section */

/* Begin PBXSourcesBuildPhase section */
		BD668FCF2C26BDE2001EE1C7 /* Sources */ = {
			isa = PBXSourcesBuildPhase;
			buildActionMask = 2147483647;
			files = (
				BD668FDB2C26BDE2001EE1C7 /* ViewController.swift in Sources */,
				BD668FD72C26BDE2001EE1C7 /* AppDelegate.swift in Sources */,
				BD668FD92C26BDE2001EE1C7 /* SceneDelegate.swift in Sources */,
				BD668FE12C26BDE3001EE1C7 /* TODOList.xcdatamodeld in Sources */,
			);
			runOnlyForDeploymentPostprocessing = 0;
		};
		BD668FE82C26BDE5001EE1C7 /* Sources */ = {
			isa = PBXSourcesBuildPhase;
			buildActionMask = 2147483647;
			files = (
				BD668FF12C26BDE5001EE1C7 /* TODOListTests.swift in Sources */,
			);
			runOnlyForDeploymentPostprocessing = 0;
		};
		BD668FF22C26BDE5001EE1C7 /* Sources */ = {
			isa = PBXSourcesBuildPhase;
			buildActionMask = 2147483647;
			files = (
				BD668FFD2C26BDE5001EE1C7 /* TODOListUITestsLaunchTests.swift in Sources */,
				BD668FFB2C26BDE5001EE1C7 /* TODOListUITests.swift in Sources */,
			);
			runOnlyForDeploymentPostprocessing = 0;
		};
/* End PBXSourcesBuildPhase section */

/* Begin PBXTargetDependency section */
		BD668FEE2C26BDE5001EE1C7 /* PBXTargetDependency */ = {
			isa = PBXTargetDependency;
			target = BD668FD22C26BDE2001EE1C7 /* TODOList */;
			targetProxy = BD668FED2C26BDE5001EE1C7 /* PBXContainerItemProxy */;
		};
		BD668FF82C26BDE5001EE1C7 /* PBXTargetDependency */ = {
			isa = PBXTargetDependency;
			target = BD668FD22C26BDE2001EE1C7 /* TODOList */;
			targetProxy = BD668FF72C26BDE5001EE1C7 /* PBXContainerItemProxy */;
		};
/* End PBXTargetDependency section */

/* Begin PBXVariantGroup section */
		BD668FDC2C26BDE3001EE1C7 /* Main.storyboard */ = {
			isa = PBXVariantGroup;
			children = (
				BD668FDD2C26BDE3001EE1C7 /* Base */,
			);
			name = Main.storyboard;
			sourceTree = "<group>";
		};
		BD668FE42C26BDE5001EE1C7 /* LaunchScreen.storyboard */ = {
			isa = PBXVariantGroup;
			children = (
				BD668FE52C26BDE5001EE1C7 /* Base */,
			);
			name = LaunchScreen.storyboard;
			sourceTree = "<group>";
		};
/* End PBXVariantGroup section */

/* Begin XCBuildConfiguration section */
		BD668FFE2C26BDE5001EE1C7 /* Debug */ = {
			isa = XCBuildConfiguration;
			buildSettings = {
				ALWAYS_SEARCH_USER_PATHS = NO;
				ASSETCATALOG_COMPILER_GENERATE_SWIFT_ASSET_SYMBOL_EXTENSIONS = YES;
				CLANG_ANALYZER_NONNULL = YES;
				CLANG_ANALYZER_NUMBER_OBJECT_CONVERSION = YES_AGGRESSIVE;
				CLANG_CXX_LANGUAGE_STANDARD = "gnu++20";
				CLANG_ENABLE_MODULES = YES;
				CLANG_ENABLE_OBJC_ARC = YES;
				CLANG_ENABLE_OBJC_WEAK = YES;
				CLANG_WARN_BLOCK_CAPTURE_AUTORELEASING = YES;
				CLANG_WARN_BOOL_CONVERSION = YES;
				CLANG_WARN_COMMA = YES;
				CLANG_WARN_CONSTANT_CONVERSION = YES;
				CLANG_WARN_DEPRECATED_OBJC_IMPLEMENTATIONS = YES;
				CLANG_WARN_DIRECT_OBJC_ISA_USAGE = YES_ERROR;
				CLANG_WARN_DOCUMENTATION_COMMENTS = YES;
				CLANG_WARN_EMPTY_BODY = YES;
				CLANG_WARN_ENUM_CONVERSION = YES;
				CLANG_WARN_INFINITE_RECURSION = YES;
				CLANG_WARN_INT_CONVERSION = YES;
				CLANG_WARN_NON_LITERAL_NULL_CONVERSION = YES;
				CLANG_WARN_OBJC_IMPLICIT_RETAIN_SELF = YES;
				CLANG_WARN_OBJC_LITERAL_CONVERSION = YES;
				CLANG_WARN_OBJC_ROOT_CLASS = YES_ERROR;
				CLANG_WARN_QUOTED_INCLUDE_IN_FRAMEWORK_HEADER = YES;
				CLANG_WARN_RANGE_LOOP_ANALYSIS = YES;
				CLANG_WARN_STRICT_PROTOTYPES = YES;
				CLANG_WARN_SUSPICIOUS_MOVE = YES;
				CLANG_WARN_UNGUARDED_AVAILABILITY = YES_AGGRESSIVE;
				CLANG_WARN_UNREACHABLE_CODE = YES;
				CLANG_WARN__DUPLICATE_METHOD_MATCH = YES;
				COPY_PHASE_STRIP = NO;
				DEBUG_INFORMATION_FORMAT = dwarf;
				ENABLE_STRICT_OBJC_MSGSEND = YES;
				ENABLE_TESTABILITY = YES;
				ENABLE_USER_SCRIPT_SANDBOXING = YES;
				GCC_C_LANGUAGE_STANDARD = gnu17;
				GCC_DYNAMIC_NO_PIC = NO;
				GCC_NO_COMMON_BLOCKS = YES;
				GCC_OPTIMIZATION_LEVEL = 0;
				GCC_PREPROCESSOR_DEFINITIONS = (
					"DEBUG=1",
					"$(inherited)",
				);
				GCC_WARN_64_TO_32_BIT_CONVERSION = YES;
				GCC_WARN_ABOUT_RETURN_TYPE = YES_ERROR;
				GCC_WARN_UNDECLARED_SELECTOR = YES;
				GCC_WARN_UNINITIALIZED_AUTOS = YES_AGGRESSIVE;
				GCC_WARN_UNUSED_FUNCTION = YES;
				GCC_WARN_UNUSED_VARIABLE = YES;
				IPHONEOS_DEPLOYMENT_TARGET = 17.5;
				LOCALIZATION_PREFERS_STRING_CATALOGS = YES;
				MTL_ENABLE_DEBUG_INFO = INCLUDE_SOURCE;
				MTL_FAST_MATH = YES;
				ONLY_ACTIVE_ARCH = YES;
				SDKROOT = iphoneos;
				SWIFT_ACTIVE_COMPILATION_CONDITIONS = "DEBUG $(inherited)";
				SWIFT_OPTIMIZATION_LEVEL = "-Onone";
			};
			name = Debug;
		};
		BD668FFF2C26BDE5001EE1C7 /* Release */ = {
			isa = XCBuildConfiguration;
			buildSettings = {
				ALWAYS_SEARCH_USER_PATHS = NO;
				ASSETCATALOG_COMPILER_GENERATE_SWIFT_ASSET_SYMBOL_EXTENSIONS = YES;
				CLANG_ANALYZER_NONNULL = YES;
				CLANG_ANALYZER_NUMBER_OBJECT_CONVERSION = YES_AGGRESSIVE;
				CLANG_CXX_LANGUAGE_STANDARD = "gnu++20";
				CLANG_ENABLE_MODULES = YES;
				CLANG_ENABLE_OBJC_ARC = YES;
				CLANG_ENABLE_OBJC_WEAK = YES;
				CLANG_WARN_BLOCK_CAPTURE_AUTORELEASING = YES;
				CLANG_WARN_BOOL_CONVERSION = YES;
				CLANG_WARN_COMMA = YES;
				CLANG_WARN_CONSTANT_CONVERSION = YES;
				CLANG_WARN_DEPRECATED_OBJC_IMPLEMENTATIONS = YES;
				CLANG_WARN_DIRECT_OBJC_ISA_USAGE = YES_ERROR;
				CLANG_WARN_DOCUMENTATION_COMMENTS = YES;
				CLANG_WARN_EMPTY_BODY = YES;
				CLANG_WARN_ENUM_CONVERSION = YES;
				CLANG_WARN_INFINITE_RECURSION = YES;
				CLANG_WARN_INT_CONVERSION = YES;
				CLANG_WARN_NON_LITERAL_NULL_CONVERSION = YES;
				CLANG_WARN_OBJC_IMPLICIT_RETAIN_SELF = YES;
				CLANG_WARN_OBJC_LITERAL_CONVERSION = YES;
				CLANG_WARN_OBJC_ROOT_CLASS = YES_ERROR;
				CLANG_WARN_QUOTED_INCLUDE_IN_FRAMEWORK_HEADER = YES;
				CLANG_WARN_RANGE_LOOP_ANALYSIS = YES;
				CLANG_WARN_STRICT_PROTOTYPES = YES;
				CLANG_WARN_SUSPICIOUS_MOVE = YES;
				CLANG_WARN_UNGUARDED_AVAILABILITY = YES_AGGRESSIVE;
				CLANG_WARN_UNREACHABLE_CODE = YES;
				CLANG_WARN__DUPLICATE_METHOD_MATCH = YES;
				COPY_PHASE_STRIP = NO;
				DEBUG_INFORMATION_FORMAT = "dwarf-with-dsym";
				ENABLE_NS_ASSERTIONS = NO;
				ENABLE_STRICT_OBJC_MSGSEND = YES;
				ENABLE_USER_SCRIPT_SANDBOXING = YES;
				GCC_C_LANGUAGE_STANDARD = gnu17;
				GCC_NO_COMMON_BLOCKS = YES;
				GCC_WARN_64_TO_32_BIT_CONVERSION = YES;
				GCC_WARN_ABOUT_RETURN_TYPE = YES_ERROR;
				GCC_WARN_UNDECLARED_SELECTOR = YES;
				GCC_WARN_UNINITIALIZED_AUTOS = YES_AGGRESSIVE;
				GCC_WARN_UNUSED_FUNCTION = YES;
				GCC_WARN_UNUSED_VARIABLE = YES;
				IPHONEOS_DEPLOYMENT_TARGET = 17.5;
				LOCALIZATION_PREFERS_STRING_CATALOGS = YES;
				MTL_ENABLE_DEBUG_INFO = NO;
				MTL_FAST_MATH = YES;
				SDKROOT = iphoneos;
				SWIFT_COMPILATION_MODE = wholemodule;
				VALIDATE_PRODUCT = YES;
			};
			name = Release;
		};
		BD6690012C26BDE5001EE1C7 /* Debug */ = {
			isa = XCBuildConfiguration;
			buildSettings = {
				ASSETCATALOG_COMPILER_APPICON_NAME = AppIcon;
				ASSETCATALOG_COMPILER_GLOBAL_ACCENT_COLOR_NAME = AccentColor;
				CODE_SIGN_STYLE = Automatic;
				CURRENT_PROJECT_VERSION = 1;
				DEVELOPMENT_TEAM = JHPJX9TQNL;
				GENERATE_INFOPLIST_FILE = YES;
				INFOPLIST_FILE = TODOList/Info.plist;
				INFOPLIST_KEY_UIApplicationSupportsIndirectInputEvents = YES;
				INFOPLIST_KEY_UILaunchStoryboardName = LaunchScreen;
				INFOPLIST_KEY_UIMainStoryboardFile = Main;
				INFOPLIST_KEY_UISupportedInterfaceOrientations_iPad = "UIInterfaceOrientationPortrait UIInterfaceOrientationPortraitUpsideDown UIInterfaceOrientationLandscapeLeft UIInterfaceOrientationLandscapeRight";
				INFOPLIST_KEY_UISupportedInterfaceOrientations_iPhone = "UIInterfaceOrientationPortrait UIInterfaceOrientationLandscapeLeft UIInterfaceOrientationLandscapeRight";
				LD_RUNPATH_SEARCH_PATHS = (
					"$(inherited)",
					"@executable_path/Frameworks",
				);
				MARKETING_VERSION = 1.0;
				PRODUCT_BUNDLE_IDENTIFIER = com.vpk.TODOList;
				PRODUCT_NAME = "$(TARGET_NAME)";
				SWIFT_EMIT_LOC_STRINGS = YES;
				SWIFT_VERSION = 5.0;
				TARGETED_DEVICE_FAMILY = "1,2";
			};
			name = Debug;
		};
		BD6690022C26BDE5001EE1C7 /* Release */ = {
			isa = XCBuildConfiguration;
			buildSettings = {
				ASSETCATALOG_COMPILER_APPICON_NAME = AppIcon;
				ASSETCATALOG_COMPILER_GLOBAL_ACCENT_COLOR_NAME = AccentColor;
				CODE_SIGN_STYLE = Automatic;
				CURRENT_PROJECT_VERSION = 1;
				DEVELOPMENT_TEAM = JHPJX9TQNL;
				GENERATE_INFOPLIST_FILE = YES;
				INFOPLIST_FILE = TODOList/Info.plist;
				INFOPLIST_KEY_UIApplicationSupportsIndirectInputEvents = YES;
				INFOPLIST_KEY_UILaunchStoryboardName = LaunchScreen;
				INFOPLIST_KEY_UIMainStoryboardFile = Main;
				INFOPLIST_KEY_UISupportedInterfaceOrientations_iPad = "UIInterfaceOrientationPortrait UIInterfaceOrientationPortraitUpsideDown UIInterfaceOrientationLandscapeLeft UIInterfaceOrientationLandscapeRight";
				INFOPLIST_KEY_UISupportedInterfaceOrientations_iPhone = "UIInterfaceOrientationPortrait UIInterfaceOrientationLandscapeLeft UIInterfaceOrientationLandscapeRight";
				LD_RUNPATH_SEARCH_PATHS = (
					"$(inherited)",
					"@executable_path/Frameworks",
				);
				MARKETING_VERSION = 1.0;
				PRODUCT_BUNDLE_IDENTIFIER = com.vpk.TODOList;
				PRODUCT_NAME = "$(TARGET_NAME)";
				SWIFT_EMIT_LOC_STRINGS = YES;
				SWIFT_VERSION = 5.0;
				TARGETED_DEVICE_FAMILY = "1,2";
			};
			name = Release;
		};
		BD6690042C26BDE5001EE1C7 /* Debug */ = {
			isa = XCBuildConfiguration;
			buildSettings = {
				ALWAYS_EMBED_SWIFT_STANDARD_LIBRARIES = YES;
				BUNDLE_LOADER = "$(TEST_HOST)";
				CODE_SIGN_STYLE = Automatic;
				CURRENT_PROJECT_VERSION = 1;
				DEVELOPMENT_TEAM = JHPJX9TQNL;
				GENERATE_INFOPLIST_FILE = YES;
				IPHONEOS_DEPLOYMENT_TARGET = 17.5;
				MARKETING_VERSION = 1.0;
				PRODUCT_BUNDLE_IDENTIFIER = com.vpk.TODOListTests;
				PRODUCT_NAME = "$(TARGET_NAME)";
				SWIFT_EMIT_LOC_STRINGS = NO;
				SWIFT_VERSION = 5.0;
				TARGETED_DEVICE_FAMILY = "1,2";
				TEST_HOST = "$(BUILT_PRODUCTS_DIR)/TODOList.app/$(BUNDLE_EXECUTABLE_FOLDER_PATH)/TODOList";
			};
			name = Debug;
		};
		BD6690052C26BDE5001EE1C7 /* Release */ = {
			isa = XCBuildConfiguration;
			buildSettings = {
				ALWAYS_EMBED_SWIFT_STANDARD_LIBRARIES = YES;
				BUNDLE_LOADER = "$(TEST_HOST)";
				CODE_SIGN_STYLE = Automatic;
				CURRENT_PROJECT_VERSION = 1;
				DEVELOPMENT_TEAM = JHPJX9TQNL;
				GENERATE_INFOPLIST_FILE = YES;
				IPHONEOS_DEPLOYMENT_TARGET = 17.5;
				MARKETING_VERSION = 1.0;
				PRODUCT_BUNDLE_IDENTIFIER = com.vpk.TODOListTests;
				PRODUCT_NAME = "$(TARGET_NAME)";
				SWIFT_EMIT_LOC_STRINGS = NO;
				SWIFT_VERSION = 5.0;
				TARGETED_DEVICE_FAMILY = "1,2";
				TEST_HOST = "$(BUILT_PRODUCTS_DIR)/TODOList.app/$(BUNDLE_EXECUTABLE_FOLDER_PATH)/TODOList";
			};
			name = Release;
		};
		BD6690072C26BDE5001EE1C7 /* Debug */ = {
			isa = XCBuildConfiguration;
			buildSettings = {
				ALWAYS_EMBED_SWIFT_STANDARD_LIBRARIES = YES;
				CODE_SIGN_STYLE = Automatic;
				CURRENT_PROJECT_VERSION = 1;
				DEVELOPMENT_TEAM = JHPJX9TQNL;
				GENERATE_INFOPLIST_FILE = YES;
				MARKETING_VERSION = 1.0;
				PRODUCT_BUNDLE_IDENTIFIER = com.vpk.TODOListUITests;
				PRODUCT_NAME = "$(TARGET_NAME)";
				SWIFT_EMIT_LOC_STRINGS = NO;
				SWIFT_VERSION = 5.0;
				TARGETED_DEVICE_FAMILY = "1,2";
				TEST_TARGET_NAME = TODOList;
			};
			name = Debug;
		};
		BD6690082C26BDE5001EE1C7 /* Release */ = {
			isa = XCBuildConfiguration;
			buildSettings = {
				ALWAYS_EMBED_SWIFT_STANDARD_LIBRARIES = YES;
				CODE_SIGN_STYLE = Automatic;
				CURRENT_PROJECT_VERSION = 1;
				DEVELOPMENT_TEAM = JHPJX9TQNL;
				GENERATE_INFOPLIST_FILE = YES;
				MARKETING_VERSION = 1.0;
				PRODUCT_BUNDLE_IDENTIFIER = com.vpk.TODOListUITests;
				PRODUCT_NAME = "$(TARGET_NAME)";
				SWIFT_EMIT_LOC_STRINGS = NO;
				SWIFT_VERSION = 5.0;
				TARGETED_DEVICE_FAMILY = "1,2";
				TEST_TARGET_NAME = TODOList;
			};
			name = Release;
		};
/* End XCBuildConfiguration section */

/* Begin XCConfigurationList section */
		BD668FCE2C26BDE2001EE1C7 /* Build configuration list for PBXProject "TODOList" */ = {
			isa = XCConfigurationList;
			buildConfigurations = (
				BD668FFE2C26BDE5001EE1C7 /* Debug */,
				BD668FFF2C26BDE5001EE1C7 /* Release */,
			);
			defaultConfigurationIsVisible = 0;
			defaultConfigurationName = Release;
		};
		BD6690002C26BDE5001EE1C7 /* Build configuration list for PBXNativeTarget "TODOList" */ = {
			isa = XCConfigurationList;
			buildConfigurations = (
				BD6690012C26BDE5001EE1C7 /* Debug */,
				BD6690022C26BDE5001EE1C7 /* Release */,
			);
			defaultConfigurationIsVisible = 0;
			defaultConfigurationName = Release;
		};
		BD6690032C26BDE5001EE1C7 /* Build configuration list for PBXNativeTarget "TODOListTests" */ = {
			isa = XCConfigurationList;
			buildConfigurations = (
				BD6690042C26BDE5001EE1C7 /* Debug */,
				BD6690052C26BDE5001EE1C7 /* Release */,
			);
			defaultConfigurationIsVisible = 0;
			defaultConfigurationName = Release;
		};
		BD6690062C26BDE5001EE1C7 /* Build configuration list for PBXNativeTarget "TODOListUITests" */ = {
			isa = XCConfigurationList;
			buildConfigurations = (
				BD6690072C26BDE5001EE1C7 /* Debug */,
				BD6690082C26BDE5001EE1C7 /* Release */,
			);
			defaultConfigurationIsVisible = 0;
			defaultConfigurationName = Release;
		};
/* End XCConfigurationList section */

/* Begin XCVersionGroup section */
		BD668FDF2C26BDE3001EE1C7 /* TODOList.xcdatamodeld */ = {
			isa = XCVersionGroup;
			children = (
				BD668FE02C26BDE3001EE1C7 /* TODOList.xcdatamodel */,
			);
			currentVersion = BD668FE02C26BDE3001EE1C7 /* TODOList.xcdatamodel */;
			path = TODOList.xcdatamodeld;
			sourceTree = "<group>";
			versionGroupType = wrapper.xcdatamodel;
		};
/* End XCVersionGroup section */
	};
	rootObject = BD668FCB2C26BDE2001EE1C7 /* Project object */;
}
